
Microsoft Visual Studio Solution File, Format Version 12.00
# Visual Studio 2012
Project("{FAE04EC0-301F-11D3-BF4B-00C04F79EFBC}") = "AutoSaveCap", "AutoSaveCap\AutoSaveCap.csproj", "{D3294210-B7E9-4419-9CD4-85B187BA899B}"
EndProject
Global
	GlobalSection(SolutionConfigurationPlatforms) = preSolution
		Debug|Any CPU = Debug|Any CPU
		Release|Any CPU = Release|Any CPU
	EndGlobalSection
	GlobalSection(ProjectConfigurationPlatforms) = postSolution
		{D3294210-B7E9-4419-9CD4-85B187BA899B}.Debug|Any CPU.ActiveCfg = Debug|Any CPU
		{D3294210-B7E9-4419-9CD4-85B187BA899B}.Debug|Any CPU.Build.0 = Debug|Any CPU
		{D3294210-B7E9-4419-9CD4-85B187BA899B}.Release|Any CPU.ActiveCfg = Release|Any CPU
		{D3294210-B7E9-4419-9CD4-85B187BA899B}.Release|Any CPU.Build.0 = Release|Any CPU
	EndGlobalSection
	GlobalSection(SolutionProperties) = preSolution
		HideSolutionNode = FALSE
	EndGlobalSection
EndGlobal
